
Microsoft Visual Studio Solution File, Format Version 12.00
# Visual Studio Version 17
VisualStudioVersion = 17.10.35122.118
MinimumVisualStudioVersion = 10.0.40219.1
Project("{FAE04EC0-301F-11D3-BF4B-00C04F79EFBC}") = "poo1atv", "poo1atv\poo1atv.csproj", "{3FBDF2EF-F45E-4CED-843A-891986CFD04F}"
EndProject
Global
	GlobalSection(SolutionConfigurationPlatforms) = preSolution
		Debug|Any CPU = Debug|Any CPU
		Release|Any CPU = Release|Any CPU
	EndGlobalSection
	GlobalSection(ProjectConfigurationPlatforms) = postSolution
		{3FBDF2EF-F45E-4CED-843A-891986CFD04F}.Debug|Any CPU.ActiveCfg = Debug|Any CPU
		{3FBDF2EF-F45E-4CED-843A-891986CFD04F}.Debug|Any CPU.Build.0 = Debug|Any CPU
		{3FBDF2EF-F45E-4CED-843A-891986CFD04F}.Release|Any CPU.ActiveCfg = Release|Any CPU
		{3FBDF2EF-F45E-4CED-843A-891986CFD04F}.Release|Any CPU.Build.0 = Release|Any CPU
	EndGlobalSection
	GlobalSection(SolutionProperties) = preSolution
		HideSolutionNode = FALSE
	EndGlobalSection
	GlobalSection(ExtensibilityGlobals) = postSolution
		SolutionGuid = {E00C19E7-AC38-4705-964F-43FBD67A10FF}
	EndGlobalSection
EndGlobal
